
Microsoft Visual Studio Solution File, Format Version 12.00
# Visual Studio Version 17
VisualStudioVersion = 17.1.32407.343
MinimumVisualStudioVersion = 10.0.40219.1
Project("{FAE04EC0-301F-11D3-BF4B-00C04F79EFBC}") = "BM848O_C_Sharp_Beadando", "BM848O_C_Sharp_Beadando\BM848O_C_Sharp_Beadando.csproj", "{5B7C7187-6372-4BB7-ACB4-1D83D68B0280}"
EndProject
Global
	GlobalSection(SolutionConfigurationPlatforms) = preSolution
		Debug|Any CPU = Debug|Any CPU
		Release|Any CPU = Release|Any CPU
	EndGlobalSection
	GlobalSection(ProjectConfigurationPlatforms) = postSolution
		{5B7C7187-6372-4BB7-ACB4-1D83D68B0280}.Debug|Any CPU.ActiveCfg = Debug|Any CPU
		{5B7C7187-6372-4BB7-ACB4-1D83D68B0280}.Debug|Any CPU.Build.0 = Debug|Any CPU
		{5B7C7187-6372-4BB7-ACB4-1D83D68B0280}.Release|Any CPU.ActiveCfg = Release|Any CPU
		{5B7C7187-6372-4BB7-ACB4-1D83D68B0280}.Release|Any CPU.Build.0 = Release|Any CPU
	EndGlobalSection
	GlobalSection(SolutionProperties) = preSolution
		HideSolutionNode = FALSE
	EndGlobalSection
	GlobalSection(ExtensibilityGlobals) = postSolution
		SolutionGuid = {E8610BFF-0EE1-4F4D-82BE-1F0D1CC6741F}
	EndGlobalSection
EndGlobal
